
Microsoft Visual Studio Solution File, Format Version 12.00
# Visual Studio 15
VisualStudioVersion = 15.0.28307.1758
MinimumVisualStudioVersion = 10.0.40219.1
Project("{FAE04EC0-301F-11D3-BF4B-00C04F79EFBC}") = "Ascii", "Ascii\Ascii.csproj", "{54CFD1CB-37E9-4812-912C-FC6EB074FD6C}"
EndProject
Global
	GlobalSection(SolutionConfigurationPlatforms) = preSolution
		Debug|Any CPU = Debug|Any CPU
		Release|Any CPU = Release|Any CPU
	EndGlobalSection
	GlobalSection(ProjectConfigurationPlatforms) = postSolution
		{54CFD1CB-37E9-4812-912C-FC6EB074FD6C}.Debug|Any CPU.ActiveCfg = Debug|Any CPU
		{54CFD1CB-37E9-4812-912C-FC6EB074FD6C}.Debug|Any CPU.Build.0 = Debug|Any CPU
		{54CFD1CB-37E9-4812-912C-FC6EB074FD6C}.Release|Any CPU.ActiveCfg = Release|Any CPU
		{54CFD1CB-37E9-4812-912C-FC6EB074FD6C}.Release|Any CPU.Build.0 = Release|Any CPU
	EndGlobalSection
	GlobalSection(SolutionProperties) = preSolution
		HideSolutionNode = FALSE
	EndGlobalSection
	GlobalSection(ExtensibilityGlobals) = postSolution
		SolutionGuid = {35168677-5D41-44CB-9894-86CD83A390BF}
	EndGlobalSection
EndGlobal
